// !$*UTF8*$!
{
	archiveVersion = 1;
	classes = {
	};
	objectVersion = 50;
	objects = {

/* Begin PBXBuildFile section */
		DD808D1D222BD632004E5BA2 /* GalleryViewController.swift in Sources */ = {isa = PBXBuildFile; fileRef = DD808D1C222BD632004E5BA2 /* GalleryViewController.swift */; };
		DD808D1F222BD65F004E5BA2 /* MainSettingViewController.swift in Sources */ = {isa = PBXBuildFile; fileRef = DD808D1E222BD65F004E5BA2 /* MainSettingViewController.swift */; };
		DDA7D4292231110600CEEA3E /* ImageSlideViewController.swift in Sources */ = {isa = PBXBuildFile; fileRef = DDA7D4222231110600CEEA3E /* ImageSlideViewController.swift */; };
		DDA7D42A2231110600CEEA3E /* ImageSlideShowViewController.swift in Sources */ = {isa = PBXBuildFile; fileRef = DDA7D4232231110600CEEA3E /* ImageSlideShowViewController.swift */; };
		DDA7D42B2231110600CEEA3E /* ImageSlideShowNavigationController.swift in Sources */ = {isa = PBXBuildFile; fileRef = DDA7D4242231110600CEEA3E /* ImageSlideShowNavigationController.swift */; };
		DDA7D42C2231110600CEEA3E /* ImageSlideShow.storyboard in Resources */ = {isa = PBXBuildFile; fileRef = DDA7D4262231110600CEEA3E /* ImageSlideShow.storyboard */; };
		DDA7D42D2231110600CEEA3E /* UIPageViewController+ImageSlideShow.swift in Sources */ = {isa = PBXBuildFile; fileRef = DDA7D4282231110600CEEA3E /* UIPageViewController+ImageSlideShow.swift */; };
		DDA7D42F2231169A00CEEA3E /* imageCellViewController.swift in Sources */ = {isa = PBXBuildFile; fileRef = DDA7D42E2231169A00CEEA3E /* imageCellViewController.swift */; };
		DDE087442228EA1C000AD425 /* AppDelegate.swift in Sources */ = {isa = PBXBuildFile; fileRef = DDE087432228EA1C000AD425 /* AppDelegate.swift */; };
		DDE087462228EA1C000AD425 /* ViewController.swift in Sources */ = {isa = PBXBuildFile; fileRef = DDE087452228EA1C000AD425 /* ViewController.swift */; };
		DDE087492228EA1C000AD425 /* Main.storyboard in Resources */ = {isa = PBXBuildFile; fileRef = DDE087472228EA1C000AD425 /* Main.storyboard */; };
		DDE0874B2228EA1D000AD425 /* Assets.xcassets in Resources */ = {isa = PBXBuildFile; fileRef = DDE0874A2228EA1D000AD425 /* Assets.xcassets */; };
		DDE0874E2228EA1D000AD425 /* LaunchScreen.storyboard in Resources */ = {isa = PBXBuildFile; fileRef = DDE0874C2228EA1D000AD425 /* LaunchScreen.storyboard */; };
/* End PBXBuildFile section */

/* Begin PBXFileReference section */
		DD808D1C222BD632004E5BA2 /* GalleryViewController.swift */ = {isa = PBXFileReference; lastKnownFileType = sourcecode.swift; path = GalleryViewController.swift; sourceTree = "<group>"; };
		DD808D1E222BD65F004E5BA2 /* MainSettingViewController.swift */ = {isa = PBXFileReference; lastKnownFileType = sourcecode.swift; path = MainSettingViewController.swift; sourceTree = "<group>"; };
		DDA7D4222231110600CEEA3E /* ImageSlideViewController.swift */ = {isa = PBXFileReference; fileEncoding = 4; lastKnownFileType = sourcecode.swift; path = ImageSlideViewController.swift; sourceTree = "<group>"; };
		DDA7D4232231110600CEEA3E /* ImageSlideShowViewController.swift */ = {isa = PBXFileReference; fileEncoding = 4; lastKnownFileType = sourcecode.swift; path = ImageSlideShowViewController.swift; sourceTree = "<group>"; };
		DDA7D4242231110600CEEA3E /* ImageSlideShowNavigationController.swift */ = {isa = PBXFileReference; fileEncoding = 4; lastKnownFileType = sourcecode.swift; path = ImageSlideShowNavigationController.swift; sourceTree = "<group>"; };
		DDA7D4262231110600CEEA3E /* ImageSlideShow.storyboard */ = {isa = PBXFileReference; fileEncoding = 4; lastKnownFileType = file.storyboard; path = ImageSlideShow.storyboard; sourceTree = "<group>"; };
		DDA7D4282231110600CEEA3E /* UIPageViewController+ImageSlideShow.swift */ = {isa = PBXFileReference; fileEncoding = 4; lastKnownFileType = sourcecode.swift; path = "UIPageViewController+ImageSlideShow.swift"; sourceTree = "<group>"; };
		DDA7D42E2231169A00CEEA3E /* imageCellViewController.swift */ = {isa = PBXFileReference; lastKnownFileType = sourcecode.swift; path = imageCellViewController.swift; sourceTree = "<group>"; };
		DDE087402228EA1C000AD425 /* rb67_master.app */ = {isa = PBXFileReference; explicitFileType = wrapper.application; includeInIndex = 0; path = rb67_master.app; sourceTree = BUILT_PRODUCTS_DIR; };
		DDE087432228EA1C000AD425 /* AppDelegate.swift */ = {isa = PBXFileReference; lastKnownFileType = sourcecode.swift; path = AppDelegate.swift; sourceTree = "<group>"; };
		DDE087452228EA1C000AD425 /* ViewController.swift */ = {isa = PBXFileReference; lastKnownFileType = sourcecode.swift; path = ViewController.swift; sourceTree = "<group>"; };
		DDE087482228EA1C000AD425 /* Base */ = {isa = PBXFileReference; lastKnownFileType = file.storyboard; name = Base; path = Base.lproj/Main.storyboard; sourceTree = "<group>"; };
		DDE0874A2228EA1D000AD425 /* Assets.xcassets */ = {isa = PBXFileReference; lastKnownFileType = folder.assetcatalog; path = Assets.xcassets; sourceTree = "<group>"; };
		DDE0874D2228EA1D000AD425 /* Base */ = {isa = PBXFileReference; lastKnownFileType = file.storyboard; name = Base; path = Base.lproj/LaunchScreen.storyboard; sourceTree = "<group>"; };
		DDE0874F2228EA1D000AD425 /* Info.plist */ = {isa = PBXFileReference; lastKnownFileType = text.plist.xml; path = Info.plist; sourceTree = "<group>"; };
/* End PBXFileReference section */

/* Begin PBXFrameworksBuildPhase section */
		DDE0873D2228EA1C000AD425 /* Frameworks */ = {
			isa = PBXFrameworksBuildPhase;
			buildActionMask = 2147483647;
			files = (
			);
			runOnlyForDeploymentPostprocessing = 0;
		};
/* End PBXFrameworksBuildPhase section */

/* Begin PBXGroup section */
		DDA7D41C2231108E00CEEA3E /* Controller */ = {
			isa = PBXGroup;
			children = (
				DDE087452228EA1C000AD425 /* ViewController.swift */,
				DD808D1E222BD65F004E5BA2 /* MainSettingViewController.swift */,
				DD808D1C222BD632004E5BA2 /* GalleryViewController.swift */,
				DDA7D42E2231169A00CEEA3E /* imageCellViewController.swift */,
			);
			path = Controller;
			sourceTree = "<group>";
		};
		DDA7D41D2231109700CEEA3E /* View */ = {
			isa = PBXGroup;
			children = (
				DDE0874C2228EA1D000AD425 /* LaunchScreen.storyboard */,
				DDE087472228EA1C000AD425 /* Main.storyboard */,
			);
			path = View;
			sourceTree = "<group>";
		};
		DDA7D41E2231109C00CEEA3E /* Model */ = {
			isa = PBXGroup;
			children = (
				DDA7D4202231110600CEEA3E /* ImageSlideShow */,
			);
			path = Model;
			sourceTree = "<group>";
		};
		DDA7D4202231110600CEEA3E /* ImageSlideShow */ = {
			isa = PBXGroup;
			children = (
				DDA7D4212231110600CEEA3E /* Classes */,
				DDA7D4252231110600CEEA3E /* Storyboard */,
				DDA7D4272231110600CEEA3E /* Extensions */,
			);
			path = ImageSlideShow;
			sourceTree = "<group>";
		};
		DDA7D4212231110600CEEA3E /* Classes */ = {
			isa = PBXGroup;
			children = (
				DDA7D4222231110600CEEA3E /* ImageSlideViewController.swift */,
				DDA7D4232231110600CEEA3E /* ImageSlideShowViewController.swift */,
				DDA7D4242231110600CEEA3E /* ImageSlideShowNavigationController.swift */,
			);
			path = Classes;
			sourceTree = "<group>";
		};
		DDA7D4252231110600CEEA3E /* Storyboard */ = {
			isa = PBXGroup;
			children = (
				DDA7D4262231110600CEEA3E /* ImageSlideShow.storyboard */,
			);
			path = Storyboard;
			sourceTree = "<group>";
		};
		DDA7D4272231110600CEEA3E /* Extensions */ = {
			isa = PBXGroup;
			children = (
				DDA7D4282231110600CEEA3E /* UIPageViewController+ImageSlideShow.swift */,
			);
			path = Extensions;
			sourceTree = "<group>";
		};
		DDE087372228EA1C000AD425 = {
			isa = PBXGroup;
			children = (
				DDE087422228EA1C000AD425 /* rb67_master */,
				DDE087412228EA1C000AD425 /* Products */,
			);
			sourceTree = "<group>";
		};
		DDE087412228EA1C000AD425 /* Products */ = {
			isa = PBXGroup;
			children = (
				DDE087402228EA1C000AD425 /* rb67_master.app */,
			);
			name = Products;
			sourceTree = "<group>";
		};
		DDE087422228EA1C000AD425 /* rb67_master */ = {
			isa = PBXGroup;
			children = (
				DDE087432228EA1C000AD425 /* AppDelegate.swift */,
				DDE0874F2228EA1D000AD425 /* Info.plist */,
				DDE0874A2228EA1D000AD425 /* Assets.xcassets */,
				DDA7D41E2231109C00CEEA3E /* Model */,
				DDA7D41D2231109700CEEA3E /* View */,
				DDA7D41C2231108E00CEEA3E /* Controller */,
			);
			path = rb67_master;
			sourceTree = "<group>";
		};
/* End PBXGroup section */

/* Begin PBXNativeTarget section */
		DDE0873F2228EA1C000AD425 /* rb67_master */ = {
			isa = PBXNativeTarget;
			buildConfigurationList = DDE087522228EA1D000AD425 /* Build configuration list for PBXNativeTarget "rb67_master" */;
			buildPhases = (
				DDE0873C2228EA1C000AD425 /* Sources */,
				DDE0873D2228EA1C000AD425 /* Frameworks */,
				DDE0873E2228EA1C000AD425 /* Resources */,
			);
			buildRules = (
			);
			dependencies = (
			);
			name = rb67_master;
			productName = rb67_master;
			productReference = DDE087402228EA1C000AD425 /* rb67_master.app */;
			productType = "com.apple.product-type.application";
		};
/* End PBXNativeTarget section */

/* Begin PBXProject section */
		DDE087382228EA1C000AD425 /* Project object */ = {
			isa = PBXProject;
			attributes = {
				LastSwiftUpdateCheck = 1010;
				LastUpgradeCheck = 1010;
				ORGANIZATIONNAME = "Jiayun Li";
				TargetAttributes = {
					DDE0873F2228EA1C000AD425 = {
						CreatedOnToolsVersion = 10.1;
					};
				};
			};
			buildConfigurationList = DDE0873B2228EA1C000AD425 /* Build configuration list for PBXProject "rb67_master" */;
			compatibilityVersion = "Xcode 9.3";
			developmentRegion = en;
			hasScannedForEncodings = 0;
			knownRegions = (
				en,
				Base,
			);
			mainGroup = DDE087372228EA1C000AD425;
			productRefGroup = DDE087412228EA1C000AD425 /* Products */;
			projectDirPath = "";
			projectRoot = "";
			targets = (
				DDE0873F2228EA1C000AD425 /* rb67_master */,
			);
		};
/* End PBXProject section */

/* Begin PBXResourcesBuildPhase section */
		DDE0873E2228EA1C000AD425 /* Resources */ = {
			isa = PBXResourcesBuildPhase;
			buildActionMask = 2147483647;
			files = (
				DDE0874E2228EA1D000AD425 /* LaunchScreen.storyboard in Resources */,
				DDA7D42C2231110600CEEA3E /* ImageSlideShow.storyboard in Resources */,
				DDE0874B2228EA1D000AD425 /* Assets.xcassets in Resources */,
				DDE087492228EA1C000AD425 /* Main.storyboard in Resources */,
			);
			runOnlyForDeploymentPostprocessing = 0;
		};
/* End PBXResourcesBuildPhase section */

/* Begin PBXSourcesBuildPhase section */
		DDE0873C2228EA1C000AD425 /* Sources */ = {
			isa = PBXSourcesBuildPhase;
			buildActionMask = 2147483647;
			files = (
				DD808D1F222BD65F004E5BA2 /* MainSettingViewController.swift in Sources */,
				DDA7D42B2231110600CEEA3E /* ImageSlideShowNavigationController.swift in Sources */,
				DDA7D42F2231169A00CEEA3E /* imageCellViewController.swift in Sources */,
				DDA7D42A2231110600CEEA3E /* ImageSlideShowViewController.swift in Sources */,
				DDE087462228EA1C000AD425 /* ViewController.swift in Sources */,
				DD808D1D222BD632004E5BA2 /* GalleryViewController.swift in Sources */,
				DDA7D4292231110600CEEA3E /* ImageSlideViewController.swift in Sources */,
				DDA7D42D2231110600CEEA3E /* UIPageViewController+ImageSlideShow.swift in Sources */,
				DDE087442228EA1C000AD425 /* AppDelegate.swift in Sources */,
			);
			runOnlyForDeploymentPostprocessing = 0;
		};
/* End PBXSourcesBuildPhase section */

/* Begin PBXVariantGroup section */
		DDE087472228EA1C000AD425 /* Main.storyboard */ = {
			isa = PBXVariantGroup;
			children = (
				DDE087482228EA1C000AD425 /* Base */,
			);
			name = Main.storyboard;
			sourceTree = "<group>";
		};
		DDE0874C2228EA1D000AD425 /* LaunchScreen.storyboard */ = {
			isa = PBXVariantGroup;
			children = (
				DDE0874D2228EA1D000AD425 /* Base */,
			);
			name = LaunchScreen.storyboard;
			sourceTree = "<group>";
		};
/* End PBXVariantGroup section */

/* Begin XCBuildConfiguration section */
		DDE087502228EA1D000AD425 /* Debug */ = {
			isa = XCBuildConfiguration;
			buildSettings = {
				ALWAYS_EMBED_SWIFT_STANDARD_LIBRARIES = NO;
				ALWAYS_SEARCH_USER_PATHS = NO;
				CLANG_ANALYZER_NONNULL = YES;
				CLANG_ANALYZER_NUMBER_OBJECT_CONVERSION = YES_AGGRESSIVE;
				CLANG_CXX_LANGUAGE_STANDARD = "gnu++14";
				CLANG_CXX_LIBRARY = "libc++";
				CLANG_ENABLE_MODULES = YES;
				CLANG_ENABLE_OBJC_ARC = YES;
				CLANG_ENABLE_OBJC_WEAK = YES;
				CLANG_WARN_BLOCK_CAPTURE_AUTORELEASING = YES;
				CLANG_WARN_BOOL_CONVERSION = YES;
				CLANG_WARN_COMMA = YES;
				CLANG_WARN_CONSTANT_CONVERSION = YES;
				CLANG_WARN_DEPRECATED_OBJC_IMPLEMENTATIONS = YES;
				CLANG_WARN_DIRECT_OBJC_ISA_USAGE = YES_ERROR;
				CLANG_WARN_DOCUMENTATION_COMMENTS = YES;
				CLANG_WARN_EMPTY_BODY = YES;
				CLANG_WARN_ENUM_CONVERSION = YES;
				CLANG_WARN_INFINITE_RECURSION = YES;
				CLANG_WARN_INT_CONVERSION = YES;
				CLANG_WARN_NON_LITERAL_NULL_CONVERSION = YES;
				CLANG_WARN_OBJC_IMPLICIT_RETAIN_SELF = YES;
				CLANG_WARN_OBJC_LITERAL_CONVERSION = YES;
				CLANG_WARN_OBJC_ROOT_CLASS = YES_ERROR;
				CLANG_WARN_RANGE_LOOP_ANALYSIS = YES;
				CLANG_WARN_STRICT_PROTOTYPES = YES;
				CLANG_WARN_SUSPICIOUS_MOVE = YES;
				CLANG_WARN_UNGUARDED_AVAILABILITY = YES_AGGRESSIVE;
				CLANG_WARN_UNREACHABLE_CODE = YES;
				CLANG_WARN__DUPLICATE_METHOD_MATCH = YES;
				CODE_SIGN_IDENTITY = "iPhone Developer";
				COPY_PHASE_STRIP = NO;
				DEBUG_INFORMATION_FORMAT = dwarf;
				ENABLE_STRICT_OBJC_MSGSEND = YES;
				ENABLE_TESTABILITY = YES;
				GCC_C_LANGUAGE_STANDARD = gnu11;
				GCC_DYNAMIC_NO_PIC = NO;
				GCC_NO_COMMON_BLOCKS = YES;
				GCC_OPTIMIZATION_LEVEL = 0;
				GCC_PREPROCESSOR_DEFINITIONS = (
					"DEBUG=1",
					"$(inherited)",
				);
				GCC_WARN_64_TO_32_BIT_CONVERSION = YES;
				GCC_WARN_ABOUT_RETURN_TYPE = YES_ERROR;
				GCC_WARN_UNDECLARED_SELECTOR = YES;
				GCC_WARN_UNINITIALIZED_AUTOS = YES_AGGRESSIVE;
				GCC_WARN_UNUSED_FUNCTION = YES;
				GCC_WARN_UNUSED_VARIABLE = YES;
				IPHONEOS_DEPLOYMENT_TARGET = 12.1;
				MTL_ENABLE_DEBUG_INFO = INCLUDE_SOURCE;
				MTL_FAST_MATH = YES;
				ONLY_ACTIVE_ARCH = YES;
				SDKROOT = iphoneos;
				SWIFT_ACTIVE_COMPILATION_CONDITIONS = DEBUG;
				SWIFT_OPTIMIZATION_LEVEL = "-Onone";
			};
			name = Debug;
		};
		DDE087512228EA1D000AD425 /* Release */ = {
			isa = XCBuildConfiguration;
			buildSettings = {
				ALWAYS_EMBED_SWIFT_STANDARD_LIBRARIES = NO;
				ALWAYS_SEARCH_USER_PATHS = NO;
				CLANG_ANALYZER_NONNULL = YES;
				CLANG_ANALYZER_NUMBER_OBJECT_CONVERSION = YES_AGGRESSIVE;
				CLANG_CXX_LANGUAGE_STANDARD = "gnu++14";
				CLANG_CXX_LIBRARY = "libc++";
				CLANG_ENABLE_MODULES = YES;
				CLANG_ENABLE_OBJC_ARC = YES;
				CLANG_ENABLE_OBJC_WEAK = YES;
				CLANG_WARN_BLOCK_CAPTURE_AUTORELEASING = YES;
				CLANG_WARN_BOOL_CONVERSION = YES;
				CLANG_WARN_COMMA = YES;
				CLANG_WARN_CONSTANT_CONVERSION = YES;
				CLANG_WARN_DEPRECATED_OBJC_IMPLEMENTATIONS = YES;
				CLANG_WARN_DIRECT_OBJC_ISA_USAGE = YES_ERROR;
				CLANG_WARN_DOCUMENTATION_COMMENTS = YES;
				CLANG_WARN_EMPTY_BODY = YES;
				CLANG_WARN_ENUM_CONVERSION = YES;
				CLANG_WARN_INFINITE_RECURSION = YES;
				CLANG_WARN_INT_CONVERSION = YES;
				CLANG_WARN_NON_LITERAL_NULL_CONVERSION = YES;
				CLANG_WARN_OBJC_IMPLICIT_RETAIN_SELF = YES;
				CLANG_WARN_OBJC_LITERAL_CONVERSION = YES;
				CLANG_WARN_OBJC_ROOT_CLASS = YES_ERROR;
				CLANG_WARN_RANGE_LOOP_ANALYSIS = YES;
				CLANG_WARN_STRICT_PROTOTYPES = YES;
				CLANG_WARN_SUSPICIOUS_MOVE = YES;
				CLANG_WARN_UNGUARDED_AVAILABILITY = YES_AGGRESSIVE;
				CLANG_WARN_UNREACHABLE_CODE = YES;
				CLANG_WARN__DUPLICATE_METHOD_MATCH = YES;
				CODE_SIGN_IDENTITY = "iPhone Developer";
				COPY_PHASE_STRIP = NO;
				DEBUG_INFORMATION_FORMAT = "dwarf-with-dsym";
				ENABLE_NS_ASSERTIONS = NO;
				ENABLE_STRICT_OBJC_MSGSEND = YES;
				GCC_C_LANGUAGE_STANDARD = gnu11;
				GCC_NO_COMMON_BLOCKS = YES;
				GCC_WARN_64_TO_32_BIT_CONVERSION = YES;
				GCC_WARN_ABOUT_RETURN_TYPE = YES_ERROR;
				GCC_WARN_UNDECLARED_SELECTOR = YES;
				GCC_WARN_UNINITIALIZED_AUTOS = YES_AGGRESSIVE;
				GCC_WARN_UNUSED_FUNCTION = YES;
				GCC_WARN_UNUSED_VARIABLE = YES;
				IPHONEOS_DEPLOYMENT_TARGET = 12.1;
				MTL_ENABLE_DEBUG_INFO = NO;
				MTL_FAST_MATH = YES;
				SDKROOT = iphoneos;
				SWIFT_COMPILATION_MODE = wholemodule;
				SWIFT_OPTIMIZATION_LEVEL = "-O";
				VALIDATE_PRODUCT = YES;
			};
			name = Release;
		};
		DDE087532228EA1D000AD425 /* Debug */ = {
			isa = XCBuildConfiguration;
			buildSettings = {
				ASSETCATALOG_COMPILER_APPICON_NAME = AppIcon;
				CODE_SIGN_STYLE = Automatic;
				DEVELOPMENT_TEAM = 6JQ5D3K69N;
				INFOPLIST_FILE = rb67_master/Info.plist;
				LD_RUNPATH_SEARCH_PATHS = (
					"$(inherited)",
					"@executable_path/Frameworks",
				);
				PRODUCT_BUNDLE_IDENTIFIER = "com.UNPC.rb67-master";
				PRODUCT_NAME = "$(TARGET_NAME)";
				SWIFT_VERSION = 4.2;
				TARGETED_DEVICE_FAMILY = "1,2";
			};
			name = Debug;
		};
		DDE087542228EA1D000AD425 /* Release */ = {
			isa = XCBuildConfiguration;
			buildSettings = {
				ASSETCATALOG_COMPILER_APPICON_NAME = AppIcon;
				CODE_SIGN_STYLE = Automatic;
				DEVELOPMENT_TEAM = 6JQ5D3K69N;
				INFOPLIST_FILE = rb67_master/Info.plist;
				LD_RUNPATH_SEARCH_PATHS = (
					"$(inherited)",
					"@executable_path/Frameworks",
				);
				PRODUCT_BUNDLE_IDENTIFIER = "com.UNPC.rb67-master";
				PRODUCT_NAME = "$(TARGET_NAME)";
				SWIFT_VERSION = 4.2;
				TARGETED_DEVICE_FAMILY = "1,2";
			};
			name = Release;
		};
/* End XCBuildConfiguration section */

/* Begin XCConfigurationList section */
		DDE0873B2228EA1C000AD425 /* Build configuration list for PBXProject "rb67_master" */ = {
			isa = XCConfigurationList;
			buildConfigurations = (
				DDE087502228EA1D000AD425 /* Debug */,
				DDE087512228EA1D000AD425 /* Release */,
			);
			defaultConfigurationIsVisible = 0;
			defaultConfigurationName = Release;
		};
		DDE087522228EA1D000AD425 /* Build configuration list for PBXNativeTarget "rb67_master" */ = {
			isa = XCConfigurationList;
			buildConfigurations = (
				DDE087532228EA1D000AD425 /* Debug */,
				DDE087542228EA1D000AD425 /* Release */,
			);
			defaultConfigurationIsVisible = 0;
			defaultConfigurationName = Release;
		};
/* End XCConfigurationList section */
	};
	rootObject = DDE087382228EA1C000AD425 /* Project object */;
}
